<?xml version="1.0" encoding="utf-8"?>
<Project ToolsVersion="4.0" xmlns="http://schemas.microsoft.com/developer/msbuild/2003">
  <ItemGroup>
    <Filter Include="Source Files">
      <UniqueIdentifier>{4FC737F1-C7A5-4376-A066-2A32D752A2FF}</UniqueIdentifier>
      <Extensions>cpp;c;cc;cxx;c++;cppm;ixx;def;odl;idl;hpj;bat;asm;asmx</Extensions>
    </Filter>
    <Filter Include="Header Files">
      <UniqueIdentifier>{93995380-89BD-4b04-88EB-625FBE52EBFB}</UniqueIdentifier>
      <Extensions>h;hh;hpp;hxx;h++;hm;inl;inc;ipp;xsd</Extensions>
    </Filter>
    <Filter Include="Resource Files">
      <UniqueIdentifier>{67DA6AB6-F800-4c08-8B7A-83BB121AAD01}</UniqueIdentifier>
      <Extensions>rc;ico;cur;bmp;dlg;rc2;rct;bin;rgs;gif;jpg;jpeg;jpe;resx;tiff;tif;png;wav;mfcribbon-ms</Extensions>
    </Filter>
    <Filter Include="Source Files\keyboard">
      <UniqueIdentifier>{b5731f55-dc3f-4127-bef8-8457dfa2b192}</UniqueIdentifier>
    </Filter>
    <Filter Include="Source Files\button">
      <UniqueIdentifier>{5d486b9d-d31a-44fd-a5f8-ea234b7516c9}</UniqueIdentifier>
    </Filter>
    <Filter Include="Source Files\boardgame">
      <UniqueIdentifier>{81085048-8d0d-46c4-992a-2f24358687ee}</UniqueIdentifier>
    </Filter>
    <Filter Include="Source Files\menu">
      <UniqueIdentifier>{899a0517-7c84-4ec3-abd7-1fc17c203469}</UniqueIdentifier>
    </Filter>
    <Filter Include="Source Files\startgame">
      <UniqueIdentifier>{9e76d48d-049d-48d1-93d2-7d98783b64a2}</UniqueIdentifier>
    </Filter>
    <Filter Include="Source Files\assets">
      <UniqueIdentifier>{b96df69c-60b2-49e0-bcd2-0ecc6656e2ed}</UniqueIdentifier>
    </Filter>
    <Filter Include="Source Files\assets\font">
      <UniqueIdentifier>{e7e43e16-02b6-4a90-a308-1c2a927d37b1}</UniqueIdentifier>
    </Filter>
    <Filter Include="Source Files\assets\image">
      <UniqueIdentifier>{d26461b7-0012-4725-b0fe-1f60c61d1625}</UniqueIdentifier>
    </Filter>
    <Filter Include="Source Files\loadingscreen">
      <UniqueIdentifier>{04e131ce-dbd3-43d4-acf7-3e06b3b2c889}</UniqueIdentifier>
    </Filter>
    <Filter Include="Source Files\sfx">
      <UniqueIdentifier>{6c19eb5a-5006-4678-9147-d5bfa241a3bc}</UniqueIdentifier>
    </Filter>
    <Filter Include="Source Files\setting">
      <UniqueIdentifier>{090e78df-729e-4623-bf71-39b150560f8f}</UniqueIdentifier>
    </Filter>
  </ItemGroup>
  <ItemGroup>
    <ClCompile Include="caro.cpp">
      <Filter>Source Files</Filter>
    </ClCompile>
    <ClCompile Include="keyboard\keyboard.cpp">
      <Filter>Source Files\keyboard</Filter>
    </ClCompile>
    <ClCompile Include="button\button.cpp">
      <Filter>Source Files\button</Filter>
    </ClCompile>
    <ClCompile Include="menu\menu.cpp">
      <Filter>Source Files\menu</Filter>
    </ClCompile>
    <ClCompile Include="boardgame\boardgame.cpp">
      <Filter>Source Files\boardgame</Filter>
    </ClCompile>
    <ClCompile Include="startgame\startgame.cpp">
      <Filter>Source Files\startgame</Filter>
    </ClCompile>
    <ClCompile Include="loadingscreen\loadingscreen.cpp">
      <Filter>Source Files\loadingscreen</Filter>
    </ClCompile>
    <ClCompile Include="sfx\sfx.cpp">
      <Filter>Source Files\sfx</Filter>
    </ClCompile>
    <ClCompile Include="setting\setting.cpp">
      <Filter>Source Files\setting</Filter>
    </ClCompile>
    <ClCompile Include="setting\settingoverlay.cpp">
      <Filter>Source Files\setting</Filter>
    </ClCompile>
    <ClCompile Include="bot_ai\bot_ai.cpp">
      <Filter>Source Files</Filter>
    </ClCompile>
  </ItemGroup>
  <ItemGroup>
    <ClInclude Include="keyboard\keyboard.h">
      <Filter>Source Files\keyboard</Filter>
    </ClInclude>
    <ClInclude Include="button\button.h">
      <Filter>Source Files\button</Filter>
    </ClInclude>
    <ClInclude Include="global.h">
      <Filter>Source Files</Filter>
    </ClInclude>
    <ClInclude Include="menu\menu.h">
      <Filter>Source Files\menu</Filter>
    </ClInclude>
    <ClInclude Include="boardgame\boardgame.h">
      <Filter>Source Files\boardgame</Filter>
    </ClInclude>
    <ClInclude Include="startgame\startgame.h">
      <Filter>Source Files\startgame</Filter>
    </ClInclude>
    <ClInclude Include="loadingscreen\loadingscreen.h">
      <Filter>Source Files\loadingscreen</Filter>
    </ClInclude>
    <ClInclude Include="sfx\sfx.h">
      <Filter>Source Files\sfx</Filter>
    </ClInclude>
    <ClInclude Include="setting\setting.h">
      <Filter>Source Files\setting</Filter>
    </ClInclude>
    <ClInclude Include="bot_ai\bot_ai.h">
      <Filter>Header Files</Filter>
    </ClInclude>
  </ItemGroup>
  <ItemGroup>
    <Font Include="assets\font\arial.ttf">
      <Filter>Source Files\assets\font</Filter>
    </Font>
    <Font Include="assets\font\RDLatinFontPoint.otf">
      <Filter>Source Files\assets\font</Filter>
    </Font>
  </ItemGroup>
  <ItemGroup>
    <Image Include="assets\image\background_img.png">
      <Filter>Source Files\assets\image</Filter>
    </Image>
    <Image Include="assets\image\penguinGOGO.png">
      <Filter>Source Files\assets\image</Filter>
    </Image>
    <Image Include="assets\image\player1_egg-egg-sheeran.gif">
      <Filter>Resource Files</Filter>
    </Image>
    <Image Include="assets\image\player2_onepunchman.jpg">
      <Filter>Resource Files</Filter>
    </Image>
  </ItemGroup>
</Project>